
Microsoft Visual Studio Solution File, Format Version 12.00
# Visual Studio Version 17
VisualStudioVersion = 17.7.34221.43
MinimumVisualStudioVersion = 10.0.40219.1
Project("{2150E333-8FDC-42A3-9474-1A3956D46DE8}") = "EventSourcing", "EventSourcing", "{0A936C53-F5A4-4489-B93E-8968093DA451}"
EndProject
Project("{FAE04EC0-301F-11D3-BF4B-00C04F79EFBC}") = "EventSourcing.Shared", "EventSourcing\EventSourcing.Shared\EventSourcing.Shared.csproj", "{812B3101-9AA4-4F31-83E4-92A9222B66C0}"
EndProject
Project("{FAE04EC0-301F-11D3-BF4B-00C04F79EFBC}") = "EventSourcing.Api", "EventSourcing\EventSourcing.Api\EventSourcing.Api.csproj", "{E4F2A1A2-4694-40F5-B0BA-883990D0AB4A}"
EndProject
Global
	GlobalSection(SolutionConfigurationPlatforms) = preSolution
		Debug|Any CPU = Debug|Any CPU
		Release|Any CPU = Release|Any CPU
	EndGlobalSection
	GlobalSection(ProjectConfigurationPlatforms) = postSolution
		{812B3101-9AA4-4F31-83E4-92A9222B66C0}.Debug|Any CPU.ActiveCfg = Debug|Any CPU
		{812B3101-9AA4-4F31-83E4-92A9222B66C0}.Debug|Any CPU.Build.0 = Debug|Any CPU
		{812B3101-9AA4-4F31-83E4-92A9222B66C0}.Release|Any CPU.ActiveCfg = Release|Any CPU
		{812B3101-9AA4-4F31-83E4-92A9222B66C0}.Release|Any CPU.Build.0 = Release|Any CPU
		{E4F2A1A2-4694-40F5-B0BA-883990D0AB4A}.Debug|Any CPU.ActiveCfg = Debug|Any CPU
		{E4F2A1A2-4694-40F5-B0BA-883990D0AB4A}.Debug|Any CPU.Build.0 = Debug|Any CPU
		{E4F2A1A2-4694-40F5-B0BA-883990D0AB4A}.Release|Any CPU.ActiveCfg = Release|Any CPU
		{E4F2A1A2-4694-40F5-B0BA-883990D0AB4A}.Release|Any CPU.Build.0 = Release|Any CPU
	EndGlobalSection
	GlobalSection(SolutionProperties) = preSolution
		HideSolutionNode = FALSE
	EndGlobalSection
	GlobalSection(NestedProjects) = preSolution
		{812B3101-9AA4-4F31-83E4-92A9222B66C0} = {0A936C53-F5A4-4489-B93E-8968093DA451}
		{E4F2A1A2-4694-40F5-B0BA-883990D0AB4A} = {0A936C53-F5A4-4489-B93E-8968093DA451}
	EndGlobalSection
	GlobalSection(ExtensibilityGlobals) = postSolution
		SolutionGuid = {8164446F-22D5-48D4-ABAD-D732B5B37CD8}
	EndGlobalSection
EndGlobal
